// !$*UTF8*$!
{
	archiveVersion = 1;
	classes = {
	};
	objectVersion = 56;
	objects = {

/* Begin PBXBuildFile section */
		40080FBF2C01CDF800E97C04 /* StoreKit.framework in Frameworks */ = {isa = PBXBuildFile; fileRef = 40080FBE2C01CDF700E97C04 /* StoreKit.framework */; };
		40080FC12C01DA8E00E97C04 /* StoreKitManager.swift in Sources */ = {isa = PBXBuildFile; fileRef = 40080FC02C01DA8E00E97C04 /* StoreKitManager.swift */; };
		40080FC52C032BD000E97C04 /* CoursesView.swift in Sources */ = {isa = PBXBuildFile; fileRef = 40080FC42C032BD000E97C04 /* CoursesView.swift */; };
		404A762F2C238DE1001789D4 /* DataModel.xcdatamodeld in Sources */ = {isa = PBXBuildFile; fileRef = 404A762D2C238DE1001789D4 /* DataModel.xcdatamodeld */; };
		40CA0B3C2B93675200DB5429 /* SujataTuitionApp.swift in Sources */ = {isa = PBXBuildFile; fileRef = 40CA0B3B2B93675200DB5429 /* SujataTuitionApp.swift */; };
		40CA0B402B93675300DB5429 /* Assets.xcassets in Resources */ = {isa = PBXBuildFile; fileRef = 40CA0B3F2B93675300DB5429 /* Assets.xcassets */; };
		40CA0B432B93675300DB5429 /* Preview Assets.xcassets in Resources */ = {isa = PBXBuildFile; fileRef = 40CA0B422B93675300DB5429 /* Preview Assets.xcassets */; };
		40CA0B452B93675300DB5429 /* Persistence.swift in Sources */ = {isa = PBXBuildFile; fileRef = 40CA0B442B93675300DB5429 /* Persistence.swift */; };
		40CA0B542B93675300DB5429 /* SujataTuitionTests.swift in Sources */ = {isa = PBXBuildFile; fileRef = 40CA0B532B93675300DB5429 /* SujataTuitionTests.swift */; };
		40CA0B5E2B93675300DB5429 /* SujataTuitionUITests.swift in Sources */ = {isa = PBXBuildFile; fileRef = 40CA0B5D2B93675300DB5429 /* SujataTuitionUITests.swift */; };
		40CA0B602B93675300DB5429 /* SujataTuitionUITestsLaunchTests.swift in Sources */ = {isa = PBXBuildFile; fileRef = 40CA0B5F2B93675300DB5429 /* SujataTuitionUITestsLaunchTests.swift */; };
		40CA0B6E2B936C1000DB5429 /* CourseView.swift in Sources */ = {isa = PBXBuildFile; fileRef = 40CA0B6D2B936C1000DB5429 /* CourseView.swift */; };
		40CA0B842B93700600DB5429 /* Model.swift in Sources */ = {isa = PBXBuildFile; fileRef = 40CA0B832B93700600DB5429 /* Model.swift */; };
		40CA0B9E2B93777700DB5429 /* HomeView.swift in Sources */ = {isa = PBXBuildFile; fileRef = 40CA0B9D2B93777700DB5429 /* HomeView.swift */; };
/* End PBXBuildFile section */

/* Begin PBXContainerItemProxy section */
		40CA0B502B93675300DB5429 /* PBXContainerItemProxy */ = {
			isa = PBXContainerItemProxy;
			containerPortal = 40CA0B302B93675200DB5429 /* Project object */;
			proxyType = 1;
			remoteGlobalIDString = 40CA0B372B93675200DB5429;
			remoteInfo = SujataTuition;
		};
		40CA0B5A2B93675300DB5429 /* PBXContainerItemProxy */ = {
			isa = PBXContainerItemProxy;
			containerPortal = 40CA0B302B93675200DB5429 /* Project object */;
			proxyType = 1;
			remoteGlobalIDString = 40CA0B372B93675200DB5429;
			remoteInfo = SujataTuition;
		};
/* End PBXContainerItemProxy section */

/* Begin PBXFileReference section */
		40080FBA2C01C7E700E97C04 /* Products.storekit */ = {isa = PBXFileReference; lastKnownFileType = text; name = Products.storekit; path = SujataTuition/Products.storekit; sourceTree = SOURCE_ROOT; };
		40080FBE2C01CDF700E97C04 /* StoreKit.framework */ = {isa = PBXFileReference; lastKnownFileType = wrapper.framework; name = StoreKit.framework; path = System/Library/Frameworks/StoreKit.framework; sourceTree = SDKROOT; };
		40080FC02C01DA8E00E97C04 /* StoreKitManager.swift */ = {isa = PBXFileReference; lastKnownFileType = sourcecode.swift; path = StoreKitManager.swift; sourceTree = "<group>"; };
		40080FC42C032BD000E97C04 /* CoursesView.swift */ = {isa = PBXFileReference; lastKnownFileType = sourcecode.swift; path = CoursesView.swift; sourceTree = "<group>"; };
		404A762E2C238DE1001789D4 /* SujataTuition.xcdatamodel */ = {isa = PBXFileReference; lastKnownFileType = wrapper.xcdatamodel; path = SujataTuition.xcdatamodel; sourceTree = "<group>"; };
		40CA0B382B93675200DB5429 /* SujataTuition.app */ = {isa = PBXFileReference; explicitFileType = wrapper.application; includeInIndex = 0; path = SujataTuition.app; sourceTree = BUILT_PRODUCTS_DIR; };
		40CA0B3B2B93675200DB5429 /* SujataTuitionApp.swift */ = {isa = PBXFileReference; lastKnownFileType = sourcecode.swift; path = SujataTuitionApp.swift; sourceTree = "<group>"; };
		40CA0B3F2B93675300DB5429 /* Assets.xcassets */ = {isa = PBXFileReference; lastKnownFileType = folder.assetcatalog; path = Assets.xcassets; sourceTree = "<group>"; };
		40CA0B422B93675300DB5429 /* Preview Assets.xcassets */ = {isa = PBXFileReference; lastKnownFileType = folder.assetcatalog; path = "Preview Assets.xcassets"; sourceTree = "<group>"; };
		40CA0B442B93675300DB5429 /* Persistence.swift */ = {isa = PBXFileReference; lastKnownFileType = sourcecode.swift; path = Persistence.swift; sourceTree = "<group>"; };
		40CA0B492B93675300DB5429 /* SujataTuition.entitlements */ = {isa = PBXFileReference; lastKnownFileType = text.plist.entitlements; path = SujataTuition.entitlements; sourceTree = "<group>"; };
		40CA0B4A2B93675300DB5429 /* Info.plist */ = {isa = PBXFileReference; lastKnownFileType = text.plist.xml; path = Info.plist; sourceTree = "<group>"; };
		40CA0B4F2B93675300DB5429 /* SujataTuitionTests.xctest */ = {isa = PBXFileReference; explicitFileType = wrapper.cfbundle; includeInIndex = 0; path = SujataTuitionTests.xctest; sourceTree = BUILT_PRODUCTS_DIR; };
		40CA0B532B93675300DB5429 /* SujataTuitionTests.swift */ = {isa = PBXFileReference; lastKnownFileType = sourcecode.swift; path = SujataTuitionTests.swift; sourceTree = "<group>"; };
		40CA0B592B93675300DB5429 /* SujataTuitionUITests.xctest */ = {isa = PBXFileReference; explicitFileType = wrapper.cfbundle; includeInIndex = 0; path = SujataTuitionUITests.xctest; sourceTree = BUILT_PRODUCTS_DIR; };
		40CA0B5D2B93675300DB5429 /* SujataTuitionUITests.swift */ = {isa = PBXFileReference; lastKnownFileType = sourcecode.swift; path = SujataTuitionUITests.swift; sourceTree = "<group>"; };
		40CA0B5F2B93675300DB5429 /* SujataTuitionUITestsLaunchTests.swift */ = {isa = PBXFileReference; lastKnownFileType = sourcecode.swift; path = SujataTuitionUITestsLaunchTests.swift; sourceTree = "<group>"; };
		40CA0B6D2B936C1000DB5429 /* CourseView.swift */ = {isa = PBXFileReference; lastKnownFileType = sourcecode.swift; path = CourseView.swift; sourceTree = "<group>"; };
		40CA0B832B93700600DB5429 /* Model.swift */ = {isa = PBXFileReference; lastKnownFileType = sourcecode.swift; path = Model.swift; sourceTree = "<group>"; };
		40CA0B9D2B93777700DB5429 /* HomeView.swift */ = {isa = PBXFileReference; lastKnownFileType = sourcecode.swift; path = HomeView.swift; sourceTree = "<group>"; };
/* End PBXFileReference section */

/* Begin PBXFrameworksBuildPhase section */
		40CA0B352B93675200DB5429 /* Frameworks */ = {
			isa = PBXFrameworksBuildPhase;
			buildActionMask = 2147483647;
			files = (
				40080FBF2C01CDF800E97C04 /* StoreKit.framework in Frameworks */,
			);
			runOnlyForDeploymentPostprocessing = 0;
		};
		40CA0B4C2B93675300DB5429 /* Frameworks */ = {
			isa = PBXFrameworksBuildPhase;
			buildActionMask = 2147483647;
			files = (
			);
			runOnlyForDeploymentPostprocessing = 0;
		};
		40CA0B562B93675300DB5429 /* Frameworks */ = {
			isa = PBXFrameworksBuildPhase;
			buildActionMask = 2147483647;
			files = (
			);
			runOnlyForDeploymentPostprocessing = 0;
		};
/* End PBXFrameworksBuildPhase section */

/* Begin PBXGroup section */
		40080FBD2C01CDF700E97C04 /* Frameworks */ = {
			isa = PBXGroup;
			children = (
				40080FBE2C01CDF700E97C04 /* StoreKit.framework */,
			);
			name = Frameworks;
			sourceTree = "<group>";
		};
		40CA0B2F2B93675200DB5429 = {
			isa = PBXGroup;
			children = (
				40CA0B3A2B93675200DB5429 /* SujataTuition */,
				40CA0B522B93675300DB5429 /* SujataTuitionTests */,
				40CA0B5C2B93675300DB5429 /* SujataTuitionUITests */,
				40CA0B392B93675200DB5429 /* Products */,
				40080FBD2C01CDF700E97C04 /* Frameworks */,
			);
			sourceTree = "<group>";
		};
		40CA0B392B93675200DB5429 /* Products */ = {
			isa = PBXGroup;
			children = (
				40CA0B382B93675200DB5429 /* SujataTuition.app */,
				40CA0B4F2B93675300DB5429 /* SujataTuitionTests.xctest */,
				40CA0B592B93675300DB5429 /* SujataTuitionUITests.xctest */,
			);
			name = Products;
			sourceTree = "<group>";
		};
		40CA0B3A2B93675200DB5429 /* SujataTuition */ = {
			isa = PBXGroup;
			children = (
				40CA0B3B2B93675200DB5429 /* SujataTuitionApp.swift */,
				40CA0B442B93675300DB5429 /* Persistence.swift */,
				40CA0B9D2B93777700DB5429 /* HomeView.swift */,
				40080FC42C032BD000E97C04 /* CoursesView.swift */,
				40CA0B6D2B936C1000DB5429 /* CourseView.swift */,
				40080FC02C01DA8E00E97C04 /* StoreKitManager.swift */,
				40080FBA2C01C7E700E97C04 /* Products.storekit */,
				404A762D2C238DE1001789D4 /* DataModel.xcdatamodeld */,
				40CA0B832B93700600DB5429 /* Model.swift */,
				40CA0B3F2B93675300DB5429 /* Assets.xcassets */,
				40CA0B492B93675300DB5429 /* SujataTuition.entitlements */,
				40CA0B4A2B93675300DB5429 /* Info.plist */,
				40CA0B412B93675300DB5429 /* Preview Content */,
			);
			path = SujataTuition;
			sourceTree = "<group>";
		};
		40CA0B412B93675300DB5429 /* Preview Content */ = {
			isa = PBXGroup;
			children = (
				40CA0B422B93675300DB5429 /* Preview Assets.xcassets */,
			);
			path = "Preview Content";
			sourceTree = "<group>";
		};
		40CA0B522B93675300DB5429 /* SujataTuitionTests */ = {
			isa = PBXGroup;
			children = (
				40CA0B532B93675300DB5429 /* SujataTuitionTests.swift */,
			);
			path = SujataTuitionTests;
			sourceTree = "<group>";
		};
		40CA0B5C2B93675300DB5429 /* SujataTuitionUITests */ = {
			isa = PBXGroup;
			children = (
				40CA0B5D2B93675300DB5429 /* SujataTuitionUITests.swift */,
				40CA0B5F2B93675300DB5429 /* SujataTuitionUITestsLaunchTests.swift */,
			);
			path = SujataTuitionUITests;
			sourceTree = "<group>";
		};
/* End PBXGroup section */

/* Begin PBXNativeTarget section */
		40CA0B372B93675200DB5429 /* SujataTuition */ = {
			isa = PBXNativeTarget;
			buildConfigurationList = 40CA0B632B93675300DB5429 /* Build configuration list for PBXNativeTarget "SujataTuition" */;
			buildPhases = (
				40CA0B342B93675200DB5429 /* Sources */,
				40CA0B352B93675200DB5429 /* Frameworks */,
				40CA0B362B93675200DB5429 /* Resources */,
			);
			buildRules = (
			);
			dependencies = (
			);
			name = SujataTuition;
			productName = SujataTuition;
			productReference = 40CA0B382B93675200DB5429 /* SujataTuition.app */;
			productType = "com.apple.product-type.application";
		};
		40CA0B4E2B93675300DB5429 /* SujataTuitionTests */ = {
			isa = PBXNativeTarget;
			buildConfigurationList = 40CA0B662B93675300DB5429 /* Build configuration list for PBXNativeTarget "SujataTuitionTests" */;
			buildPhases = (
				40CA0B4B2B93675300DB5429 /* Sources */,
				40CA0B4C2B93675300DB5429 /* Frameworks */,
				40CA0B4D2B93675300DB5429 /* Resources */,
			);
			buildRules = (
			);
			dependencies = (
				40CA0B512B93675300DB5429 /* PBXTargetDependency */,
			);
			name = SujataTuitionTests;
			productName = SujataTuitionTests;
			productReference = 40CA0B4F2B93675300DB5429 /* SujataTuitionTests.xctest */;
			productType = "com.apple.product-type.bundle.unit-test";
		};
		40CA0B582B93675300DB5429 /* SujataTuitionUITests */ = {
			isa = PBXNativeTarget;
			buildConfigurationList = 40CA0B692B93675300DB5429 /* Build configuration list for PBXNativeTarget "SujataTuitionUITests" */;
			buildPhases = (
				40CA0B552B93675300DB5429 /* Sources */,
				40CA0B562B93675300DB5429 /* Frameworks */,
				40CA0B572B93675300DB5429 /* Resources */,
			);
			buildRules = (
			);
			dependencies = (
				40CA0B5B2B93675300DB5429 /* PBXTargetDependency */,
			);
			name = SujataTuitionUITests;
			productName = SujataTuitionUITests;
			productReference = 40CA0B592B93675300DB5429 /* SujataTuitionUITests.xctest */;
			productType = "com.apple.product-type.bundle.ui-testing";
		};
/* End PBXNativeTarget section */

/* Begin PBXProject section */
		40CA0B302B93675200DB5429 /* Project object */ = {
			isa = PBXProject;
			attributes = {
				BuildIndependentTargetsInParallel = 1;
				LastSwiftUpdateCheck = 1520;
				LastUpgradeCheck = 1520;
				TargetAttributes = {
					40CA0B372B93675200DB5429 = {
						CreatedOnToolsVersion = 15.2;
					};
					40CA0B4E2B93675300DB5429 = {
						CreatedOnToolsVersion = 15.2;
						TestTargetID = 40CA0B372B93675200DB5429;
					};
					40CA0B582B93675300DB5429 = {
						CreatedOnToolsVersion = 15.2;
						TestTargetID = 40CA0B372B93675200DB5429;
					};
				};
			};
			buildConfigurationList = 40CA0B332B93675200DB5429 /* Build configuration list for PBXProject "SujataTuition" */;
			compatibilityVersion = "Xcode 14.0";
			developmentRegion = en;
			hasScannedForEncodings = 0;
			knownRegions = (
				en,
				Base,
			);
			mainGroup = 40CA0B2F2B93675200DB5429;
			productRefGroup = 40CA0B392B93675200DB5429 /* Products */;
			projectDirPath = "";
			projectRoot = "";
			targets = (
				40CA0B372B93675200DB5429 /* SujataTuition */,
				40CA0B4E2B93675300DB5429 /* SujataTuitionTests */,
				40CA0B582B93675300DB5429 /* SujataTuitionUITests */,
			);
		};
/* End PBXProject section */

/* Begin PBXResourcesBuildPhase section */
		40CA0B362B93675200DB5429 /* Resources */ = {
			isa = PBXResourcesBuildPhase;
			buildActionMask = 2147483647;
			files = (
				40CA0B432B93675300DB5429 /* Preview Assets.xcassets in Resources */,
				40CA0B402B93675300DB5429 /* Assets.xcassets in Resources */,
			);
			runOnlyForDeploymentPostprocessing = 0;
		};
		40CA0B4D2B93675300DB5429 /* Resources */ = {
			isa = PBXResourcesBuildPhase;
			buildActionMask = 2147483647;
			files = (
			);
			runOnlyForDeploymentPostprocessing = 0;
		};
		40CA0B572B93675300DB5429 /* Resources */ = {
			isa = PBXResourcesBuildPhase;
			buildActionMask = 2147483647;
			files = (
			);
			runOnlyForDeploymentPostprocessing = 0;
		};
/* End PBXResourcesBuildPhase section */

/* Begin PBXSourcesBuildPhase section */
		40CA0B342B93675200DB5429 /* Sources */ = {
			isa = PBXSourcesBuildPhase;
			buildActionMask = 2147483647;
			files = (
				40CA0B452B93675300DB5429 /* Persistence.swift in Sources */,
				40CA0B9E2B93777700DB5429 /* HomeView.swift in Sources */,
				40CA0B6E2B936C1000DB5429 /* CourseView.swift in Sources */,
				40080FC12C01DA8E00E97C04 /* StoreKitManager.swift in Sources */,
				40080FC52C032BD000E97C04 /* CoursesView.swift in Sources */,
				40CA0B842B93700600DB5429 /* Model.swift in Sources */,
				40CA0B3C2B93675200DB5429 /* SujataTuitionApp.swift in Sources */,
				404A762F2C238DE1001789D4 /* DataModel.xcdatamodeld in Sources */,
			);
			runOnlyForDeploymentPostprocessing = 0;
		};
		40CA0B4B2B93675300DB5429 /* Sources */ = {
			isa = PBXSourcesBuildPhase;
			buildActionMask = 2147483647;
			files = (
				40CA0B542B93675300DB5429 /* SujataTuitionTests.swift in Sources */,
			);
			runOnlyForDeploymentPostprocessing = 0;
		};
		40CA0B552B93675300DB5429 /* Sources */ = {
			isa = PBXSourcesBuildPhase;
			buildActionMask = 2147483647;
			files = (
				40CA0B5E2B93675300DB5429 /* SujataTuitionUITests.swift in Sources */,
				40CA0B602B93675300DB5429 /* SujataTuitionUITestsLaunchTests.swift in Sources */,
			);
			runOnlyForDeploymentPostprocessing = 0;
		};
/* End PBXSourcesBuildPhase section */

/* Begin PBXTargetDependency section */
		40CA0B512B93675300DB5429 /* PBXTargetDependency */ = {
			isa = PBXTargetDependency;
			target = 40CA0B372B93675200DB5429 /* SujataTuition */;
			targetProxy = 40CA0B502B93675300DB5429 /* PBXContainerItemProxy */;
		};
		40CA0B5B2B93675300DB5429 /* PBXTargetDependency */ = {
			isa = PBXTargetDependency;
			target = 40CA0B372B93675200DB5429 /* SujataTuition */;
			targetProxy = 40CA0B5A2B93675300DB5429 /* PBXContainerItemProxy */;
		};
/* End PBXTargetDependency section */

/* Begin XCBuildConfiguration section */
		40CA0B612B93675300DB5429 /* Debug */ = {
			isa = XCBuildConfiguration;
			buildSettings = {
				ALWAYS_SEARCH_USER_PATHS = NO;
				ASSETCATALOG_COMPILER_GENERATE_SWIFT_ASSET_SYMBOL_EXTENSIONS = YES;
				CLANG_ANALYZER_NONNULL = YES;
				CLANG_ANALYZER_NUMBER_OBJECT_CONVERSION = YES_AGGRESSIVE;
				CLANG_CXX_LANGUAGE_STANDARD = "gnu++20";
				CLANG_ENABLE_MODULES = YES;
				CLANG_ENABLE_OBJC_ARC = YES;
				CLANG_ENABLE_OBJC_WEAK = YES;
				CLANG_WARN_BLOCK_CAPTURE_AUTORELEASING = YES;
				CLANG_WARN_BOOL_CONVERSION = YES;
				CLANG_WARN_COMMA = YES;
				CLANG_WARN_CONSTANT_CONVERSION = YES;
				CLANG_WARN_DEPRECATED_OBJC_IMPLEMENTATIONS = YES;
				CLANG_WARN_DIRECT_OBJC_ISA_USAGE = YES_ERROR;
				CLANG_WARN_DOCUMENTATION_COMMENTS = YES;
				CLANG_WARN_EMPTY_BODY = YES;
				CLANG_WARN_ENUM_CONVERSION = YES;
				CLANG_WARN_INFINITE_RECURSION = YES;
				CLANG_WARN_INT_CONVERSION = YES;
				CLANG_WARN_NON_LITERAL_NULL_CONVERSION = YES;
				CLANG_WARN_OBJC_IMPLICIT_RETAIN_SELF = YES;
				CLANG_WARN_OBJC_LITERAL_CONVERSION = YES;
				CLANG_WARN_OBJC_ROOT_CLASS = YES_ERROR;
				CLANG_WARN_QUOTED_INCLUDE_IN_FRAMEWORK_HEADER = YES;
				CLANG_WARN_RANGE_LOOP_ANALYSIS = YES;
				CLANG_WARN_STRICT_PROTOTYPES = YES;
				CLANG_WARN_SUSPICIOUS_MOVE = YES;
				CLANG_WARN_UNGUARDED_AVAILABILITY = YES_AGGRESSIVE;
				CLANG_WARN_UNREACHABLE_CODE = YES;
				CLANG_WARN__DUPLICATE_METHOD_MATCH = YES;
				COPY_PHASE_STRIP = NO;
				DEBUG_INFORMATION_FORMAT = dwarf;
				ENABLE_STRICT_OBJC_MSGSEND = YES;
				ENABLE_TESTABILITY = YES;
				ENABLE_USER_SCRIPT_SANDBOXING = YES;
				GCC_C_LANGUAGE_STANDARD = gnu17;
				GCC_DYNAMIC_NO_PIC = NO;
				GCC_NO_COMMON_BLOCKS = YES;
				GCC_OPTIMIZATION_LEVEL = 0;
				GCC_PREPROCESSOR_DEFINITIONS = (
					"DEBUG=1",
					"$(inherited)",
				);
				GCC_WARN_64_TO_32_BIT_CONVERSION = YES;
				GCC_WARN_ABOUT_RETURN_TYPE = YES_ERROR;
				GCC_WARN_UNDECLARED_SELECTOR = YES;
				GCC_WARN_UNINITIALIZED_AUTOS = YES_AGGRESSIVE;
				GCC_WARN_UNUSED_FUNCTION = YES;
				GCC_WARN_UNUSED_VARIABLE = YES;
				IPHONEOS_DEPLOYMENT_TARGET = 17.2;
				LOCALIZATION_PREFERS_STRING_CATALOGS = YES;
				MTL_ENABLE_DEBUG_INFO = INCLUDE_SOURCE;
				MTL_FAST_MATH = YES;
				ONLY_ACTIVE_ARCH = YES;
				SDKROOT = iphoneos;
				SWIFT_ACTIVE_COMPILATION_CONDITIONS = "DEBUG $(inherited)";
				SWIFT_OPTIMIZATION_LEVEL = "-Onone";
			};
			name = Debug;
		};
		40CA0B622B93675300DB5429 /* Release */ = {
			isa = XCBuildConfiguration;
			buildSettings = {
				ALWAYS_SEARCH_USER_PATHS = NO;
				ASSETCATALOG_COMPILER_GENERATE_SWIFT_ASSET_SYMBOL_EXTENSIONS = YES;
				CLANG_ANALYZER_NONNULL = YES;
				CLANG_ANALYZER_NUMBER_OBJECT_CONVERSION = YES_AGGRESSIVE;
				CLANG_CXX_LANGUAGE_STANDARD = "gnu++20";
				CLANG_ENABLE_MODULES = YES;
				CLANG_ENABLE_OBJC_ARC = YES;
				CLANG_ENABLE_OBJC_WEAK = YES;
				CLANG_WARN_BLOCK_CAPTURE_AUTORELEASING = YES;
				CLANG_WARN_BOOL_CONVERSION = YES;
				CLANG_WARN_COMMA = YES;
				CLANG_WARN_CONSTANT_CONVERSION = YES;
				CLANG_WARN_DEPRECATED_OBJC_IMPLEMENTATIONS = YES;
				CLANG_WARN_DIRECT_OBJC_ISA_USAGE = YES_ERROR;
				CLANG_WARN_DOCUMENTATION_COMMENTS = YES;
				CLANG_WARN_EMPTY_BODY = YES;
				CLANG_WARN_ENUM_CONVERSION = YES;
				CLANG_WARN_INFINITE_RECURSION = YES;
				CLANG_WARN_INT_CONVERSION = YES;
				CLANG_WARN_NON_LITERAL_NULL_CONVERSION = YES;
				CLANG_WARN_OBJC_IMPLICIT_RETAIN_SELF = YES;
				CLANG_WARN_OBJC_LITERAL_CONVERSION = YES;
				CLANG_WARN_OBJC_ROOT_CLASS = YES_ERROR;
				CLANG_WARN_QUOTED_INCLUDE_IN_FRAMEWORK_HEADER = YES;
				CLANG_WARN_RANGE_LOOP_ANALYSIS = YES;
				CLANG_WARN_STRICT_PROTOTYPES = YES;
				CLANG_WARN_SUSPICIOUS_MOVE = YES;
				CLANG_WARN_UNGUARDED_AVAILABILITY = YES_AGGRESSIVE;
				CLANG_WARN_UNREACHABLE_CODE = YES;
				CLANG_WARN__DUPLICATE_METHOD_MATCH = YES;
				COPY_PHASE_STRIP = NO;
				DEBUG_INFORMATION_FORMAT = "dwarf-with-dsym";
				ENABLE_NS_ASSERTIONS = NO;
				ENABLE_STRICT_OBJC_MSGSEND = YES;
				ENABLE_USER_SCRIPT_SANDBOXING = YES;
				GCC_C_LANGUAGE_STANDARD = gnu17;
				GCC_NO_COMMON_BLOCKS = YES;
				GCC_WARN_64_TO_32_BIT_CONVERSION = YES;
				GCC_WARN_ABOUT_RETURN_TYPE = YES_ERROR;
				GCC_WARN_UNDECLARED_SELECTOR = YES;
				GCC_WARN_UNINITIALIZED_AUTOS = YES_AGGRESSIVE;
				GCC_WARN_UNUSED_FUNCTION = YES;
				GCC_WARN_UNUSED_VARIABLE = YES;
				IPHONEOS_DEPLOYMENT_TARGET = 17.2;
				LOCALIZATION_PREFERS_STRING_CATALOGS = YES;
				MTL_ENABLE_DEBUG_INFO = NO;
				MTL_FAST_MATH = YES;
				SDKROOT = iphoneos;
				SWIFT_COMPILATION_MODE = wholemodule;
				VALIDATE_PRODUCT = YES;
			};
			name = Release;
		};
		40CA0B642B93675300DB5429 /* Debug */ = {
			isa = XCBuildConfiguration;
			buildSettings = {
				ASSETCATALOG_COMPILER_APPICON_NAME = AppIcon;
				ASSETCATALOG_COMPILER_GLOBAL_ACCENT_COLOR_NAME = AccentColor;
				ASSETCATALOG_COMPILER_INCLUDE_ALL_APPICON_ASSETS = YES;
				CODE_SIGN_ENTITLEMENTS = SujataTuition/SujataTuition.entitlements;
				CODE_SIGN_STYLE = Automatic;
				CURRENT_PROJECT_VERSION = 1;
				DEVELOPMENT_ASSET_PATHS = "\"SujataTuition/Preview Content\"";
				DEVELOPMENT_TEAM = 2MMNFG749N;
				ENABLE_PREVIEWS = YES;
				GENERATE_INFOPLIST_FILE = YES;
				INFOPLIST_FILE = SujataTuition/Info.plist;
				INFOPLIST_KEY_CFBundleDisplayName = SujataTuition;
				INFOPLIST_KEY_LSApplicationCategoryType = "public.app-category.education";
				INFOPLIST_KEY_UIApplicationSceneManifest_Generation = YES;
				INFOPLIST_KEY_UIApplicationSupportsIndirectInputEvents = YES;
				INFOPLIST_KEY_UILaunchScreen_Generation = YES;
				INFOPLIST_KEY_UISupportedInterfaceOrientations_iPad = "UIInterfaceOrientationPortrait UIInterfaceOrientationPortraitUpsideDown UIInterfaceOrientationLandscapeLeft UIInterfaceOrientationLandscapeRight";
				INFOPLIST_KEY_UISupportedInterfaceOrientations_iPhone = "UIInterfaceOrientationPortrait UIInterfaceOrientationLandscapeLeft UIInterfaceOrientationLandscapeRight";
				LD_RUNPATH_SEARCH_PATHS = (
					"$(inherited)",
					"@executable_path/Frameworks",
				);
				MARKETING_VERSION = 0.2;
				PRODUCT_BUNDLE_IDENTIFIER = com.Sujata.SujataTuition;
				PRODUCT_NAME = "$(TARGET_NAME)";
				SWIFT_EMIT_LOC_STRINGS = YES;
				SWIFT_VERSION = 5.0;
				TARGETED_DEVICE_FAMILY = "1,2";
			};
			name = Debug;
		};
		40CA0B652B93675300DB5429 /* Release */ = {
			isa = XCBuildConfiguration;
			buildSettings = {
				ASSETCATALOG_COMPILER_APPICON_NAME = AppIcon;
				ASSETCATALOG_COMPILER_GLOBAL_ACCENT_COLOR_NAME = AccentColor;
				ASSETCATALOG_COMPILER_INCLUDE_ALL_APPICON_ASSETS = YES;
				CODE_SIGN_ENTITLEMENTS = SujataTuition/SujataTuition.entitlements;
				CODE_SIGN_STYLE = Automatic;
				CURRENT_PROJECT_VERSION = 1;
				DEVELOPMENT_ASSET_PATHS = "\"SujataTuition/Preview Content\"";
				DEVELOPMENT_TEAM = 2MMNFG749N;
				ENABLE_PREVIEWS = YES;
				GENERATE_INFOPLIST_FILE = YES;
				INFOPLIST_FILE = SujataTuition/Info.plist;
				INFOPLIST_KEY_CFBundleDisplayName = SujataTuition;
				INFOPLIST_KEY_LSApplicationCategoryType = "public.app-category.education";
				INFOPLIST_KEY_UIApplicationSceneManifest_Generation = YES;
				INFOPLIST_KEY_UIApplicationSupportsIndirectInputEvents = YES;
				INFOPLIST_KEY_UILaunchScreen_Generation = YES;
				INFOPLIST_KEY_UISupportedInterfaceOrientations_iPad = "UIInterfaceOrientationPortrait UIInterfaceOrientationPortraitUpsideDown UIInterfaceOrientationLandscapeLeft UIInterfaceOrientationLandscapeRight";
				INFOPLIST_KEY_UISupportedInterfaceOrientations_iPhone = "UIInterfaceOrientationPortrait UIInterfaceOrientationLandscapeLeft UIInterfaceOrientationLandscapeRight";
				LD_RUNPATH_SEARCH_PATHS = (
					"$(inherited)",
					"@executable_path/Frameworks",
				);
				MARKETING_VERSION = 0.2;
				ONLY_ACTIVE_ARCH = YES;
				PRODUCT_BUNDLE_IDENTIFIER = com.Sujata.SujataTuition;
				PRODUCT_NAME = "$(TARGET_NAME)";
				SWIFT_EMIT_LOC_STRINGS = YES;
				SWIFT_VERSION = 5.0;
				TARGETED_DEVICE_FAMILY = "1,2";
			};
			name = Release;
		};
		40CA0B672B93675300DB5429 /* Debug */ = {
			isa = XCBuildConfiguration;
			buildSettings = {
				ALWAYS_EMBED_SWIFT_STANDARD_LIBRARIES = YES;
				BUNDLE_LOADER = "$(TEST_HOST)";
				CODE_SIGN_STYLE = Automatic;
				CURRENT_PROJECT_VERSION = 1;
				DEVELOPMENT_TEAM = 2MMNFG749N;
				GENERATE_INFOPLIST_FILE = YES;
				IPHONEOS_DEPLOYMENT_TARGET = 17.2;
				MARKETING_VERSION = 1.0;
				PRODUCT_BUNDLE_IDENTIFIER = Sujata.SujataTuitionTests;
				PRODUCT_NAME = "$(TARGET_NAME)";
				SWIFT_EMIT_LOC_STRINGS = NO;
				SWIFT_VERSION = 5.0;
				TARGETED_DEVICE_FAMILY = "1,2";
				TEST_HOST = "$(BUILT_PRODUCTS_DIR)/SujataTuition.app/$(BUNDLE_EXECUTABLE_FOLDER_PATH)/SujataTuition";
			};
			name = Debug;
		};
		40CA0B682B93675300DB5429 /* Release */ = {
			isa = XCBuildConfiguration;
			buildSettings = {
				ALWAYS_EMBED_SWIFT_STANDARD_LIBRARIES = YES;
				BUNDLE_LOADER = "$(TEST_HOST)";
				CODE_SIGN_STYLE = Automatic;
				CURRENT_PROJECT_VERSION = 1;
				DEVELOPMENT_TEAM = 2MMNFG749N;
				GENERATE_INFOPLIST_FILE = YES;
				IPHONEOS_DEPLOYMENT_TARGET = 17.2;
				MARKETING_VERSION = 1.0;
				PRODUCT_BUNDLE_IDENTIFIER = Sujata.SujataTuitionTests;
				PRODUCT_NAME = "$(TARGET_NAME)";
				SWIFT_EMIT_LOC_STRINGS = NO;
				SWIFT_VERSION = 5.0;
				TARGETED_DEVICE_FAMILY = "1,2";
				TEST_HOST = "$(BUILT_PRODUCTS_DIR)/SujataTuition.app/$(BUNDLE_EXECUTABLE_FOLDER_PATH)/SujataTuition";
			};
			name = Release;
		};
		40CA0B6A2B93675300DB5429 /* Debug */ = {
			isa = XCBuildConfiguration;
			buildSettings = {
				ALWAYS_EMBED_SWIFT_STANDARD_LIBRARIES = YES;
				CODE_SIGN_STYLE = Automatic;
				CURRENT_PROJECT_VERSION = 1;
				DEVELOPMENT_TEAM = 2MMNFG749N;
				GENERATE_INFOPLIST_FILE = YES;
				MARKETING_VERSION = 1.0;
				PRODUCT_BUNDLE_IDENTIFIER = Sujata.SujataTuitionUITests;
				PRODUCT_NAME = "$(TARGET_NAME)";
				SWIFT_EMIT_LOC_STRINGS = NO;
				SWIFT_VERSION = 5.0;
				TARGETED_DEVICE_FAMILY = "1,2";
				TEST_TARGET_NAME = SujataTuition;
			};
			name = Debug;
		};
		40CA0B6B2B93675300DB5429 /* Release */ = {
			isa = XCBuildConfiguration;
			buildSettings = {
				ALWAYS_EMBED_SWIFT_STANDARD_LIBRARIES = YES;
				CODE_SIGN_STYLE = Automatic;
				CURRENT_PROJECT_VERSION = 1;
				DEVELOPMENT_TEAM = 2MMNFG749N;
				GENERATE_INFOPLIST_FILE = YES;
				MARKETING_VERSION = 1.0;
				PRODUCT_BUNDLE_IDENTIFIER = Sujata.SujataTuitionUITests;
				PRODUCT_NAME = "$(TARGET_NAME)";
				SWIFT_EMIT_LOC_STRINGS = NO;
				SWIFT_VERSION = 5.0;
				TARGETED_DEVICE_FAMILY = "1,2";
				TEST_TARGET_NAME = SujataTuition;
			};
			name = Release;
		};
/* End XCBuildConfiguration section */

/* Begin XCConfigurationList section */
		40CA0B332B93675200DB5429 /* Build configuration list for PBXProject "SujataTuition" */ = {
			isa = XCConfigurationList;
			buildConfigurations = (
				40CA0B612B93675300DB5429 /* Debug */,
				40CA0B622B93675300DB5429 /* Release */,
			);
			defaultConfigurationIsVisible = 0;
			defaultConfigurationName = Release;
		};
		40CA0B632B93675300DB5429 /* Build configuration list for PBXNativeTarget "SujataTuition" */ = {
			isa = XCConfigurationList;
			buildConfigurations = (
				40CA0B642B93675300DB5429 /* Debug */,
				40CA0B652B93675300DB5429 /* Release */,
			);
			defaultConfigurationIsVisible = 0;
			defaultConfigurationName = Release;
		};
		40CA0B662B93675300DB5429 /* Build configuration list for PBXNativeTarget "SujataTuitionTests" */ = {
			isa = XCConfigurationList;
			buildConfigurations = (
				40CA0B672B93675300DB5429 /* Debug */,
				40CA0B682B93675300DB5429 /* Release */,
			);
			defaultConfigurationIsVisible = 0;
			defaultConfigurationName = Release;
		};
		40CA0B692B93675300DB5429 /* Build configuration list for PBXNativeTarget "SujataTuitionUITests" */ = {
			isa = XCConfigurationList;
			buildConfigurations = (
				40CA0B6A2B93675300DB5429 /* Debug */,
				40CA0B6B2B93675300DB5429 /* Release */,
			);
			defaultConfigurationIsVisible = 0;
			defaultConfigurationName = Release;
		};
/* End XCConfigurationList section */

/* Begin XCVersionGroup section */
		404A762D2C238DE1001789D4 /* DataModel.xcdatamodeld */ = {
			isa = XCVersionGroup;
			children = (
				404A762E2C238DE1001789D4 /* SujataTuition.xcdatamodel */,
			);
			currentVersion = 404A762E2C238DE1001789D4 /* SujataTuition.xcdatamodel */;
			path = DataModel.xcdatamodeld;
			sourceTree = "<group>";
			versionGroupType = wrapper.xcdatamodel;
		};
/* End XCVersionGroup section */
	};
	rootObject = 40CA0B302B93675200DB5429 /* Project object */;
}
